
Microsoft Visual Studio Solution File, Format Version 12.00
# Visual Studio 2013
VisualStudioVersion = 12.0.40629.0
MinimumVisualStudioVersion = 10.0.40219.1
Project("{E24C65DC-7377-472B-9ABA-BC803B73C61A}") = "eRestaurantWebsite", "http://localhost:49781", "{AB54E401-D0BE-4967-98A1-71A62BD6D818}"
	ProjectSection(WebsiteProperties) = preProject
		UseIISExpress = "true"
		TargetFrameworkMoniker = ".NETFramework,Version%3Dv4.5"
		ProjectReferences = "{b31cea1f-4d1c-40a0-90f1-18797bef8a1e}|eRestaurantSystem.dll;"
		Debug.AspNetCompiler.VirtualPath = "/localhost_49781"
		Debug.AspNetCompiler.PhysicalPath = "eRestaurantWebsite\"
		Debug.AspNetCompiler.TargetPath = "PrecompiledWeb\localhost_49781\"
		Debug.AspNetCompiler.Updateable = "true"
		Debug.AspNetCompiler.ForceOverwrite = "true"
		Debug.AspNetCompiler.FixedNames = "false"
		Debug.AspNetCompiler.Debug = "True"
		Release.AspNetCompiler.VirtualPath = "/localhost_49781"
		Release.AspNetCompiler.PhysicalPath = "eRestaurantWebsite\"
		Release.AspNetCompiler.TargetPath = "PrecompiledWeb\localhost_49781\"
		Release.AspNetCompiler.Updateable = "true"
		Release.AspNetCompiler.ForceOverwrite = "true"
		Release.AspNetCompiler.FixedNames = "false"
		Release.AspNetCompiler.Debug = "False"
		SlnRelativePath = "eRestaurantWebsite\"
		DefaultWebSiteLanguage = "Visual C#"
	EndProjectSection
EndProject
Project("{FAE04EC0-301F-11D3-BF4B-00C04F79EFBC}") = "eRestaurantSystem", "eRestaurantSystem\eRestaurantSystem.csproj", "{B31CEA1F-4D1C-40A0-90F1-18797BEF8A1E}"
EndProject
Global
	GlobalSection(SolutionConfigurationPlatforms) = preSolution
		Debug|Any CPU = Debug|Any CPU
		Release|Any CPU = Release|Any CPU
	EndGlobalSection
	GlobalSection(ProjectConfigurationPlatforms) = postSolution
		{AB54E401-D0BE-4967-98A1-71A62BD6D818}.Debug|Any CPU.ActiveCfg = Debug|Any CPU
		{AB54E401-D0BE-4967-98A1-71A62BD6D818}.Debug|Any CPU.Build.0 = Debug|Any CPU
		{AB54E401-D0BE-4967-98A1-71A62BD6D818}.Release|Any CPU.ActiveCfg = Debug|Any CPU
		{AB54E401-D0BE-4967-98A1-71A62BD6D818}.Release|Any CPU.Build.0 = Debug|Any CPU
		{B31CEA1F-4D1C-40A0-90F1-18797BEF8A1E}.Debug|Any CPU.ActiveCfg = Debug|Any CPU
		{B31CEA1F-4D1C-40A0-90F1-18797BEF8A1E}.Debug|Any CPU.Build.0 = Debug|Any CPU
		{B31CEA1F-4D1C-40A0-90F1-18797BEF8A1E}.Release|Any CPU.ActiveCfg = Release|Any CPU
		{B31CEA1F-4D1C-40A0-90F1-18797BEF8A1E}.Release|Any CPU.Build.0 = Release|Any CPU
	EndGlobalSection
	GlobalSection(SolutionProperties) = preSolution
		HideSolutionNode = FALSE
	EndGlobalSection
EndGlobal
